
Microsoft Visual Studio Solution File, Format Version 12.00
# Visual Studio Version 16
VisualStudioVersion = 16.0.32630.194
MinimumVisualStudioVersion = 10.0.40219.1
Project("{8BC9CEB8-8B4A-11D0-8D11-00A0C91BC942}") = "WorkSpace", "WorkSpace\WorkSpace.vcxproj", "{B2C10006-5FFC-4472-AD7B-7F7D5F60C95F}"
EndProject
Global
	GlobalSection(SolutionConfigurationPlatforms) = preSolution
		Debug|x64 = Debug|x64
		Debug|x86 = Debug|x86
		Release|x64 = Release|x64
		Release|x86 = Release|x86
	EndGlobalSection
	GlobalSection(ProjectConfigurationPlatforms) = postSolution
		{B2C10006-5FFC-4472-AD7B-7F7D5F60C95F}.Debug|x64.ActiveCfg = Debug|x64
		{B2C10006-5FFC-4472-AD7B-7F7D5F60C95F}.Debug|x64.Build.0 = Debug|x64
		{B2C10006-5FFC-4472-AD7B-7F7D5F60C95F}.Debug|x86.ActiveCfg = Debug|Win32
		{B2C10006-5FFC-4472-AD7B-7F7D5F60C95F}.Debug|x86.Build.0 = Debug|Win32
		{B2C10006-5FFC-4472-AD7B-7F7D5F60C95F}.Release|x64.ActiveCfg = Release|x64
		{B2C10006-5FFC-4472-AD7B-7F7D5F60C95F}.Release|x64.Build.0 = Release|x64
		{B2C10006-5FFC-4472-AD7B-7F7D5F60C95F}.Release|x86.ActiveCfg = Release|Win32
		{B2C10006-5FFC-4472-AD7B-7F7D5F60C95F}.Release|x86.Build.0 = Release|Win32
	EndGlobalSection
	GlobalSection(SolutionProperties) = preSolution
		HideSolutionNode = FALSE
	EndGlobalSection
	GlobalSection(ExtensibilityGlobals) = postSolution
		SolutionGuid = {FBF2DF96-3760-4DA6-93D8-E4CFB1C7DD15}
	EndGlobalSection
EndGlobal
